// !$*UTF8*$!
{
	archiveVersion = 1;
	classes = {
	};
	objectVersion = 46;
	objects = {

/* Begin PBXBuildFile section */
		CD03AE8B1CF6B9B200BDBECF /* Complex.m in Sources */ = {isa = PBXBuildFile; fileRef = CD03AE8A1CF6B9B200BDBECF /* Complex.m */; };
		CD6D44991CF43D92007C197A /* Fraction.m in Sources */ = {isa = PBXBuildFile; fileRef = CD6D44981CF43D92007C197A /* Fraction.m */; };
		CD6D449C1CF43EB9007C197A /* Calculator.m in Sources */ = {isa = PBXBuildFile; fileRef = CD6D449B1CF43EB9007C197A /* Calculator.m */; };
		CDB51BC81CF3EDAC00BA977E /* main.m in Sources */ = {isa = PBXBuildFile; fileRef = CDB51BC71CF3EDAC00BA977E /* main.m */; };
/* End PBXBuildFile section */

/* Begin PBXCopyFilesBuildPhase section */
		CDB51BC21CF3EDAC00BA977E /* CopyFiles */ = {
			isa = PBXCopyFilesBuildPhase;
			buildActionMask = 2147483647;
			dstPath = /usr/share/man/man1/;
			dstSubfolderSpec = 0;
			files = (
			);
			runOnlyForDeploymentPostprocessing = 1;
		};
/* End PBXCopyFilesBuildPhase section */

/* Begin PBXFileReference section */
		CD03AE891CF6B9B200BDBECF /* Complex.h */ = {isa = PBXFileReference; fileEncoding = 4; lastKnownFileType = sourcecode.c.h; path = Complex.h; sourceTree = "<group>"; };
		CD03AE8A1CF6B9B200BDBECF /* Complex.m */ = {isa = PBXFileReference; fileEncoding = 4; lastKnownFileType = sourcecode.c.objc; path = Complex.m; sourceTree = "<group>"; };
		CD6D44971CF43D92007C197A /* Fraction.h */ = {isa = PBXFileReference; fileEncoding = 4; lastKnownFileType = sourcecode.c.h; path = Fraction.h; sourceTree = "<group>"; };
		CD6D44981CF43D92007C197A /* Fraction.m */ = {isa = PBXFileReference; fileEncoding = 4; lastKnownFileType = sourcecode.c.objc; path = Fraction.m; sourceTree = "<group>"; };
		CD6D449A1CF43EB9007C197A /* Calculator.h */ = {isa = PBXFileReference; fileEncoding = 4; lastKnownFileType = sourcecode.c.h; path = Calculator.h; sourceTree = "<group>"; };
		CD6D449B1CF43EB9007C197A /* Calculator.m */ = {isa = PBXFileReference; fileEncoding = 4; lastKnownFileType = sourcecode.c.objc; path = Calculator.m; sourceTree = "<group>"; };
		CDB51BC41CF3EDAC00BA977E /* Objc */ = {isa = PBXFileReference; explicitFileType = "compiled.mach-o.executable"; includeInIndex = 0; path = Objc; sourceTree = BUILT_PRODUCTS_DIR; };
		CDB51BC71CF3EDAC00BA977E /* main.m */ = {isa = PBXFileReference; lastKnownFileType = sourcecode.c.objc; path = main.m; sourceTree = "<group>"; };
/* End PBXFileReference section */

/* Begin PBXFrameworksBuildPhase section */
		CDB51BC11CF3EDAC00BA977E /* Frameworks */ = {
			isa = PBXFrameworksBuildPhase;
			buildActionMask = 2147483647;
			files = (
			);
			runOnlyForDeploymentPostprocessing = 0;
		};
/* End PBXFrameworksBuildPhase section */

/* Begin PBXGroup section */
		CDB51BBB1CF3EDAC00BA977E = {
			isa = PBXGroup;
			children = (
				CDB51BC61CF3EDAC00BA977E /* Objc */,
				CDB51BC51CF3EDAC00BA977E /* Products */,
			);
			sourceTree = "<group>";
		};
		CDB51BC51CF3EDAC00BA977E /* Products */ = {
			isa = PBXGroup;
			children = (
				CDB51BC41CF3EDAC00BA977E /* Objc */,
			);
			name = Products;
			sourceTree = "<group>";
		};
		CDB51BC61CF3EDAC00BA977E /* Objc */ = {
			isa = PBXGroup;
			children = (
				CDB51BC71CF3EDAC00BA977E /* main.m */,
				CD6D44971CF43D92007C197A /* Fraction.h */,
				CD6D44981CF43D92007C197A /* Fraction.m */,
				CD6D449A1CF43EB9007C197A /* Calculator.h */,
				CD6D449B1CF43EB9007C197A /* Calculator.m */,
				CD03AE891CF6B9B200BDBECF /* Complex.h */,
				CD03AE8A1CF6B9B200BDBECF /* Complex.m */,
			);
			path = Objc;
			sourceTree = "<group>";
		};
/* End PBXGroup section */

/* Begin PBXNativeTarget section */
		CDB51BC31CF3EDAC00BA977E /* Objc */ = {
			isa = PBXNativeTarget;
			buildConfigurationList = CDB51BCB1CF3EDAC00BA977E /* Build configuration list for PBXNativeTarget "Objc" */;
			buildPhases = (
				CDB51BC01CF3EDAC00BA977E /* Sources */,
				CDB51BC11CF3EDAC00BA977E /* Frameworks */,
				CDB51BC21CF3EDAC00BA977E /* CopyFiles */,
			);
			buildRules = (
			);
			dependencies = (
			);
			name = Objc;
			productName = Objc;
			productReference = CDB51BC41CF3EDAC00BA977E /* Objc */;
			productType = "com.apple.product-type.tool";
		};
/* End PBXNativeTarget section */

/* Begin PBXProject section */
		CDB51BBC1CF3EDAC00BA977E /* Project object */ = {
			isa = PBXProject;
			attributes = {
				LastUpgradeCheck = 0730;
				ORGANIZATIONNAME = Sample;
				TargetAttributes = {
					CDB51BC31CF3EDAC00BA977E = {
						CreatedOnToolsVersion = 7.3;
					};
				};
			};
			buildConfigurationList = CDB51BBF1CF3EDAC00BA977E /* Build configuration list for PBXProject "Objc" */;
			compatibilityVersion = "Xcode 3.2";
			developmentRegion = English;
			hasScannedForEncodings = 0;
			knownRegions = (
				en,
			);
			mainGroup = CDB51BBB1CF3EDAC00BA977E;
			productRefGroup = CDB51BC51CF3EDAC00BA977E /* Products */;
			projectDirPath = "";
			projectRoot = "";
			targets = (
				CDB51BC31CF3EDAC00BA977E /* Objc */,
			);
		};
/* End PBXProject section */

/* Begin PBXSourcesBuildPhase section */
		CDB51BC01CF3EDAC00BA977E /* Sources */ = {
			isa = PBXSourcesBuildPhase;
			buildActionMask = 2147483647;
			files = (
				CD03AE8B1CF6B9B200BDBECF /* Complex.m in Sources */,
				CD6D449C1CF43EB9007C197A /* Calculator.m in Sources */,
				CDB51BC81CF3EDAC00BA977E /* main.m in Sources */,
				CD6D44991CF43D92007C197A /* Fraction.m in Sources */,
			);
			runOnlyForDeploymentPostprocessing = 0;
		};
/* End PBXSourcesBuildPhase section */

/* Begin XCBuildConfiguration section */
		CDB51BC91CF3EDAC00BA977E /* Debug */ = {
			isa = XCBuildConfiguration;
			buildSettings = {
				ALWAYS_SEARCH_USER_PATHS = NO;
				CLANG_ANALYZER_NONNULL = YES;
				CLANG_CXX_LANGUAGE_STANDARD = "gnu++0x";
				CLANG_CXX_LIBRARY = "libc++";
				CLANG_ENABLE_MODULES = YES;
				CLANG_ENABLE_OBJC_ARC = YES;
				CLANG_WARN_BOOL_CONVERSION = YES;
				CLANG_WARN_CONSTANT_CONVERSION = YES;
				CLANG_WARN_DIRECT_OBJC_ISA_USAGE = YES_ERROR;
				CLANG_WARN_EMPTY_BODY = YES;
				CLANG_WARN_ENUM_CONVERSION = YES;
				CLANG_WARN_INT_CONVERSION = YES;
				CLANG_WARN_OBJC_ROOT_CLASS = YES_ERROR;
				CLANG_WARN_UNREACHABLE_CODE = YES;
				CLANG_WARN__DUPLICATE_METHOD_MATCH = YES;
				CODE_SIGN_IDENTITY = "-";
				COPY_PHASE_STRIP = NO;
				DEBUG_INFORMATION_FORMAT = dwarf;
				ENABLE_STRICT_OBJC_MSGSEND = YES;
				ENABLE_TESTABILITY = YES;
				GCC_C_LANGUAGE_STANDARD = gnu99;
				GCC_DYNAMIC_NO_PIC = NO;
				GCC_NO_COMMON_BLOCKS = YES;
				GCC_OPTIMIZATION_LEVEL = 0;
				GCC_PREPROCESSOR_DEFINITIONS = (
					"DEBUG=1",
					"$(inherited)",
				);
				GCC_WARN_64_TO_32_BIT_CONVERSION = YES;
				GCC_WARN_ABOUT_RETURN_TYPE = YES_ERROR;
				GCC_WARN_UNDECLARED_SELECTOR = YES;
				GCC_WARN_UNINITIALIZED_AUTOS = YES_AGGRESSIVE;
				GCC_WARN_UNUSED_FUNCTION = YES;
				GCC_WARN_UNUSED_VARIABLE = YES;
				MACOSX_DEPLOYMENT_TARGET = 10.11;
				MTL_ENABLE_DEBUG_INFO = YES;
				ONLY_ACTIVE_ARCH = YES;
				SDKROOT = macosx;
			};
			name = Debug;
		};
		CDB51BCA1CF3EDAC00BA977E /* Release */ = {
			isa = XCBuildConfiguration;
			buildSettings = {
				ALWAYS_SEARCH_USER_PATHS = NO;
				CLANG_ANALYZER_NONNULL = YES;
				CLANG_CXX_LANGUAGE_STANDARD = "gnu++0x";
				CLANG_CXX_LIBRARY = "libc++";
				CLANG_ENABLE_MODULES = YES;
				CLANG_ENABLE_OBJC_ARC = YES;
				CLANG_WARN_BOOL_CONVERSION = YES;
				CLANG_WARN_CONSTANT_CONVERSION = YES;
				CLANG_WARN_DIRECT_OBJC_ISA_USAGE = YES_ERROR;
				CLANG_WARN_EMPTY_BODY = YES;
				CLANG_WARN_ENUM_CONVERSION = YES;
				CLANG_WARN_INT_CONVERSION = YES;
				CLANG_WARN_OBJC_ROOT_CLASS = YES_ERROR;
				CLANG_WARN_UNREACHABLE_CODE = YES;
				CLANG_WARN__DUPLICATE_METHOD_MATCH = YES;
				CODE_SIGN_IDENTITY = "-";
				COPY_PHASE_STRIP = NO;
				DEBUG_INFORMATION_FORMAT = "dwarf-with-dsym";
				ENABLE_NS_ASSERTIONS = NO;
				ENABLE_STRICT_OBJC_MSGSEND = YES;
				GCC_C_LANGUAGE_STANDARD = gnu99;
				GCC_NO_COMMON_BLOCKS = YES;
				GCC_WARN_64_TO_32_BIT_CONVERSION = YES;
				GCC_WARN_ABOUT_RETURN_TYPE = YES_ERROR;
				GCC_WARN_UNDECLARED_SELECTOR = YES;
				GCC_WARN_UNINITIALIZED_AUTOS = YES_AGGRESSIVE;
				GCC_WARN_UNUSED_FUNCTION = YES;
				GCC_WARN_UNUSED_VARIABLE = YES;
				MACOSX_DEPLOYMENT_TARGET = 10.11;
				MTL_ENABLE_DEBUG_INFO = NO;
				SDKROOT = macosx;
			};
			name = Release;
		};
		CDB51BCC1CF3EDAC00BA977E /* Debug */ = {
			isa = XCBuildConfiguration;
			buildSettings = {
				CLANG_ENABLE_OBJC_ARC = NO;
				PRODUCT_NAME = "$(TARGET_NAME)";
			};
			name = Debug;
		};
		CDB51BCD1CF3EDAC00BA977E /* Release */ = {
			isa = XCBuildConfiguration;
			buildSettings = {
				CLANG_ENABLE_OBJC_ARC = NO;
				PRODUCT_NAME = "$(TARGET_NAME)";
			};
			name = Release;
		};
/* End XCBuildConfiguration section */

/* Begin XCConfigurationList section */
		CDB51BBF1CF3EDAC00BA977E /* Build configuration list for PBXProject "Objc" */ = {
			isa = XCConfigurationList;
			buildConfigurations = (
				CDB51BC91CF3EDAC00BA977E /* Debug */,
				CDB51BCA1CF3EDAC00BA977E /* Release */,
			);
			defaultConfigurationIsVisible = 0;
			defaultConfigurationName = Release;
		};
		CDB51BCB1CF3EDAC00BA977E /* Build configuration list for PBXNativeTarget "Objc" */ = {
			isa = XCConfigurationList;
			buildConfigurations = (
				CDB51BCC1CF3EDAC00BA977E /* Debug */,
				CDB51BCD1CF3EDAC00BA977E /* Release */,
			);
			defaultConfigurationIsVisible = 0;
			defaultConfigurationName = Release;
		};
/* End XCConfigurationList section */
	};
	rootObject = CDB51BBC1CF3EDAC00BA977E /* Project object */;
}
